
Microsoft Visual Studio Solution File, Format Version 12.00
# Visual Studio Version 17
VisualStudioVersion = 17.2.32526.322
MinimumVisualStudioVersion = 10.0.40219.1
Project("{9A19103F-16F7-4668-BE54-9A1E7A4F7556}") = "Cart.API", "Services\Cart\Cart.API\Cart.API.csproj", "{DEFA3255-353C-4541-882B-455AE35164EA}"
EndProject
Project("{9A19103F-16F7-4668-BE54-9A1E7A4F7556}") = "Cart.UnitTests", "Services\Cart\Cart.UnitTests\Cart.UnitTests.csproj", "{92E4427C-EFCE-499B-9563-5D0AE16FC373}"
EndProject
Project("{2150E333-8FDC-42A3-9474-1A3956D46DE8}") = "Services", "Services", "{80FA8DBF-0A70-4778-9C71-FB4B89C401B7}"
EndProject
Project("{2150E333-8FDC-42A3-9474-1A3956D46DE8}") = "Cart", "Cart", "{5F10A8F0-307B-42EB-8CE3-D514588E507B}"
EndProject
Project("{2150E333-8FDC-42A3-9474-1A3956D46DE8}") = "Catalog", "Catalog", "{50175AFD-ACE4-4343-8CF6-4F7DC52F9AB1}"
EndProject
Project("{9A19103F-16F7-4668-BE54-9A1E7A4F7556}") = "Catalog.Core", "Services\Catalog\Catalog.Core\Catalog.Core.csproj", "{54385C74-C022-46EE-97B0-CF64E2A13D9F}"
EndProject
Project("{9A19103F-16F7-4668-BE54-9A1E7A4F7556}") = "Catalog.Infrastructure", "Services\Catalog\Catalog.Infrastructure\Catalog.Infrastructure.csproj", "{405CD534-7AF8-43F7-9CD7-ABA8DBC1AC4C}"
EndProject
Project("{9A19103F-16F7-4668-BE54-9A1E7A4F7556}") = "Catalog.SharedKernel", "Services\Catalog\Catalog.SharedKernel\Catalog.SharedKernel.csproj", "{C6FFC772-4325-48E4-8367-11935855BC10}"
EndProject
Project("{9A19103F-16F7-4668-BE54-9A1E7A4F7556}") = "Cart.WebAPI", "Services\Cart\Cart.WebAPI\Cart.WebAPI.csproj", "{511CDA15-5842-4F35-9A20-264E8616892A}"
EndProject
Project("{FAE04EC0-301F-11D3-BF4B-00C04F79EFBC}") = "Catalog.API", "Services\Catalog\Catalog.API\Catalog.API.csproj", "{EEB1B0D0-03C8-47CB-9F2D-0F3EF5E2E7DF}"
EndProject
Global
	GlobalSection(SolutionConfigurationPlatforms) = preSolution
		Debug|Any CPU = Debug|Any CPU
		Release|Any CPU = Release|Any CPU
	EndGlobalSection
	GlobalSection(ProjectConfigurationPlatforms) = postSolution
		{DEFA3255-353C-4541-882B-455AE35164EA}.Debug|Any CPU.ActiveCfg = Debug|Any CPU
		{DEFA3255-353C-4541-882B-455AE35164EA}.Debug|Any CPU.Build.0 = Debug|Any CPU
		{DEFA3255-353C-4541-882B-455AE35164EA}.Release|Any CPU.ActiveCfg = Release|Any CPU
		{DEFA3255-353C-4541-882B-455AE35164EA}.Release|Any CPU.Build.0 = Release|Any CPU
		{92E4427C-EFCE-499B-9563-5D0AE16FC373}.Debug|Any CPU.ActiveCfg = Debug|Any CPU
		{92E4427C-EFCE-499B-9563-5D0AE16FC373}.Debug|Any CPU.Build.0 = Debug|Any CPU
		{92E4427C-EFCE-499B-9563-5D0AE16FC373}.Release|Any CPU.ActiveCfg = Release|Any CPU
		{92E4427C-EFCE-499B-9563-5D0AE16FC373}.Release|Any CPU.Build.0 = Release|Any CPU
		{54385C74-C022-46EE-97B0-CF64E2A13D9F}.Debug|Any CPU.ActiveCfg = Debug|Any CPU
		{54385C74-C022-46EE-97B0-CF64E2A13D9F}.Debug|Any CPU.Build.0 = Debug|Any CPU
		{54385C74-C022-46EE-97B0-CF64E2A13D9F}.Release|Any CPU.ActiveCfg = Release|Any CPU
		{54385C74-C022-46EE-97B0-CF64E2A13D9F}.Release|Any CPU.Build.0 = Release|Any CPU
		{405CD534-7AF8-43F7-9CD7-ABA8DBC1AC4C}.Debug|Any CPU.ActiveCfg = Debug|Any CPU
		{405CD534-7AF8-43F7-9CD7-ABA8DBC1AC4C}.Debug|Any CPU.Build.0 = Debug|Any CPU
		{405CD534-7AF8-43F7-9CD7-ABA8DBC1AC4C}.Release|Any CPU.ActiveCfg = Release|Any CPU
		{405CD534-7AF8-43F7-9CD7-ABA8DBC1AC4C}.Release|Any CPU.Build.0 = Release|Any CPU
		{C6FFC772-4325-48E4-8367-11935855BC10}.Debug|Any CPU.ActiveCfg = Debug|Any CPU
		{C6FFC772-4325-48E4-8367-11935855BC10}.Debug|Any CPU.Build.0 = Debug|Any CPU
		{C6FFC772-4325-48E4-8367-11935855BC10}.Release|Any CPU.ActiveCfg = Release|Any CPU
		{C6FFC772-4325-48E4-8367-11935855BC10}.Release|Any CPU.Build.0 = Release|Any CPU
		{511CDA15-5842-4F35-9A20-264E8616892A}.Debug|Any CPU.ActiveCfg = Debug|Any CPU
		{511CDA15-5842-4F35-9A20-264E8616892A}.Debug|Any CPU.Build.0 = Debug|Any CPU
		{511CDA15-5842-4F35-9A20-264E8616892A}.Release|Any CPU.ActiveCfg = Release|Any CPU
		{511CDA15-5842-4F35-9A20-264E8616892A}.Release|Any CPU.Build.0 = Release|Any CPU
		{EEB1B0D0-03C8-47CB-9F2D-0F3EF5E2E7DF}.Debug|Any CPU.ActiveCfg = Debug|Any CPU
		{EEB1B0D0-03C8-47CB-9F2D-0F3EF5E2E7DF}.Debug|Any CPU.Build.0 = Debug|Any CPU
		{EEB1B0D0-03C8-47CB-9F2D-0F3EF5E2E7DF}.Release|Any CPU.ActiveCfg = Release|Any CPU
		{EEB1B0D0-03C8-47CB-9F2D-0F3EF5E2E7DF}.Release|Any CPU.Build.0 = Release|Any CPU
	EndGlobalSection
	GlobalSection(SolutionProperties) = preSolution
		HideSolutionNode = FALSE
	EndGlobalSection
	GlobalSection(NestedProjects) = preSolution
		{DEFA3255-353C-4541-882B-455AE35164EA} = {5F10A8F0-307B-42EB-8CE3-D514588E507B}
		{92E4427C-EFCE-499B-9563-5D0AE16FC373} = {5F10A8F0-307B-42EB-8CE3-D514588E507B}
		{5F10A8F0-307B-42EB-8CE3-D514588E507B} = {80FA8DBF-0A70-4778-9C71-FB4B89C401B7}
		{50175AFD-ACE4-4343-8CF6-4F7DC52F9AB1} = {80FA8DBF-0A70-4778-9C71-FB4B89C401B7}
		{54385C74-C022-46EE-97B0-CF64E2A13D9F} = {50175AFD-ACE4-4343-8CF6-4F7DC52F9AB1}
		{405CD534-7AF8-43F7-9CD7-ABA8DBC1AC4C} = {50175AFD-ACE4-4343-8CF6-4F7DC52F9AB1}
		{C6FFC772-4325-48E4-8367-11935855BC10} = {50175AFD-ACE4-4343-8CF6-4F7DC52F9AB1}
		{511CDA15-5842-4F35-9A20-264E8616892A} = {5F10A8F0-307B-42EB-8CE3-D514588E507B}
		{EEB1B0D0-03C8-47CB-9F2D-0F3EF5E2E7DF} = {50175AFD-ACE4-4343-8CF6-4F7DC52F9AB1}
	EndGlobalSection
	GlobalSection(ExtensibilityGlobals) = postSolution
		SolutionGuid = {284A2C1A-6AE8-4B93-AF1E-FA70579117F0}
	EndGlobalSection
EndGlobal
